
Microsoft Visual Studio Solution File, Format Version 12.00
# Visual Studio Version 17
VisualStudioVersion = 17.4.33213.308
MinimumVisualStudioVersion = 10.0.40219.1
Project("{FAE04EC0-301F-11D3-BF4B-00C04F79EFBC}") = "OOP-Ponavljanje-3", "OOP-Ponavljanje-3\OOP-Ponavljanje-3.csproj", "{514D5696-3570-408F-8479-A4EFEA63C661}"
EndProject
Global
	GlobalSection(SolutionConfigurationPlatforms) = preSolution
		Debug|Any CPU = Debug|Any CPU
		Release|Any CPU = Release|Any CPU
	EndGlobalSection
	GlobalSection(ProjectConfigurationPlatforms) = postSolution
		{514D5696-3570-408F-8479-A4EFEA63C661}.Debug|Any CPU.ActiveCfg = Debug|Any CPU
		{514D5696-3570-408F-8479-A4EFEA63C661}.Debug|Any CPU.Build.0 = Debug|Any CPU
		{514D5696-3570-408F-8479-A4EFEA63C661}.Release|Any CPU.ActiveCfg = Release|Any CPU
		{514D5696-3570-408F-8479-A4EFEA63C661}.Release|Any CPU.Build.0 = Release|Any CPU
	EndGlobalSection
	GlobalSection(SolutionProperties) = preSolution
		HideSolutionNode = FALSE
	EndGlobalSection
	GlobalSection(ExtensibilityGlobals) = postSolution
		SolutionGuid = {3F4A3240-855E-4B23-A3AE-C99A39BBC963}
	EndGlobalSection
EndGlobal
